{
  "name": "canvas-student-data-export",
  "lockfileVersion": 2,
  "requires": true,
  "packages": {
    "": {
      "dependencies": {
        "single-file-cli": "github:gildas-lormeau/single-file-cli"
      }
    },
    "node_modules/simple-cdp": {
      "version": "1.8.6",
      "resolved": "https://registry.npmjs.org/simple-cdp/-/simple-cdp-1.8.6.tgz",
      "integrity": "sha512-c33zKvBOOIBfdfDCr++N8Dv6kY03wD+cGuu3MEiBJHC4LtHE5aSwjw5E+dOSeuXolS+8MoDzYuWrJdT+IFp8bw==",
      "license": "MIT",
      "engines": {
        "bun": ">=1.0",
        "deno": ">=1.4"
      }
    },
    "node_modules/single-file-cli": {
      "version": "2.0.75",
      "resolved": "git+ssh://git@github.com/gildas-lormeau/single-file-cli.git#9d7c471bf98706428e0f1029a742496aaa0f64bf",
      "dependencies": {
        "simple-cdp": "^1.8.5",
        "ws": "^8.18.0"
      },
      "bin": {
        "single-file": "single-file-node.js"
      },
      "engines": {
        "bun": ">=1.0",
        "deno": ">=1.4",
        "node": ">=20"
      }
    },
    "node_modules/ws": {
      "version": "8.18.3",
      "resolved": "https://registry.npmjs.org/ws/-/ws-8.18.3.tgz",
      "integrity": "sha512-PEIGCY5tSlUt50cqyMXfCzX+oOPqN0vuGqWzbcJ2xvnkzkq46oOpz7dQaTDBdfICb4N14+GARUDw2XV2N4tvzg==",
      "license": "MIT",
      "engines": {
        "node": ">=10.0.0"
      },
      "peerDependencies": {
        "bufferutil": "^4.0.1",
        "utf-8-validate": ">=5.0.2"
      },
      "peerDependenciesMeta": {
        "bufferutil": {
          "optional": true
        },
        "utf-8-validate": {
          "optional": true
        }
      }
    }
  },
  "dependencies": {
    "simple-cdp": {
      "version": "1.8.6",
      "resolved": "https://registry.npmjs.org/simple-cdp/-/simple-cdp-1.8.6.tgz",
      "integrity": "sha512-c33zKvBOOIBfdfDCr++N8Dv6kY03wD+cGuu3MEiBJHC4LtHE5aSwjw5E+dOSeuXolS+8MoDzYuWrJdT+IFp8bw=="
    },
    "single-file-cli": {
      "version": "git+ssh://git@github.com/gildas-lormeau/single-file-cli.git#9d7c471bf98706428e0f1029a742496aaa0f64bf",
      "from": "single-file-cli@github:gildas-lormeau/single-file-cli",
      "requires": {
        "simple-cdp": "^1.8.5",
        "ws": "^8.18.0"
      }
    },
    "ws": {
      "version": "8.18.3",
      "resolved": "https://registry.npmjs.org/ws/-/ws-8.18.3.tgz",
      "integrity": "sha512-PEIGCY5tSlUt50cqyMXfCzX+oOPqN0vuGqWzbcJ2xvnkzkq46oOpz7dQaTDBdfICb4N14+GARUDw2XV2N4tvzg==",
      "requires": {}
    }
  }
}
